
Microsoft Visual Studio Solution File, Format Version 12.00
# Visual Studio Version 17
VisualStudioVersion = 17.9.34728.123
MinimumVisualStudioVersion = 10.0.40219.1
Project("{FAE04EC0-301F-11D3-BF4B-00C04F79EFBC}") = "EducationCenter", "EducationCenter\EducationCenter.csproj", "{CE1E4572-21C6-4B15-84E4-58E3C4029385}"
EndProject
Global
	GlobalSection(SolutionConfigurationPlatforms) = preSolution
		Debug|Any CPU = Debug|Any CPU
		Release|Any CPU = Release|Any CPU
	EndGlobalSection
	GlobalSection(ProjectConfigurationPlatforms) = postSolution
		{CE1E4572-21C6-4B15-84E4-58E3C4029385}.Debug|Any CPU.ActiveCfg = Debug|Any CPU
		{CE1E4572-21C6-4B15-84E4-58E3C4029385}.Debug|Any CPU.Build.0 = Debug|Any CPU
		{CE1E4572-21C6-4B15-84E4-58E3C4029385}.Release|Any CPU.ActiveCfg = Release|Any CPU
		{CE1E4572-21C6-4B15-84E4-58E3C4029385}.Release|Any CPU.Build.0 = Release|Any CPU
	EndGlobalSection
	GlobalSection(SolutionProperties) = preSolution
		HideSolutionNode = FALSE
	EndGlobalSection
	GlobalSection(ExtensibilityGlobals) = postSolution
		SolutionGuid = {AEB2A31F-59EA-434F-A09C-30111E06D5DC}
	EndGlobalSection
EndGlobal
